// !$*UTF8*$!
{
	archiveVersion = 1;
	classes = {
	};
	objectVersion = 55;
	objects = {

/* Begin PBXBuildFile section */
		7D3DFB1528DDF696005A13F3 /* ImagesListCell.swift in Sources */ = {isa = PBXBuildFile; fileRef = 7D3DFB1328DDF696005A13F3 /* ImagesListCell.swift */; };
		7D3DFB1628DDF696005A13F3 /* ImagesListViewController.swift in Sources */ = {isa = PBXBuildFile; fileRef = 7D3DFB1428DDF696005A13F3 /* ImagesListViewController.swift */; };
		7D9CFA4328DDEE7F00D971A7 /* AppDelegate.swift in Sources */ = {isa = PBXBuildFile; fileRef = 7D9CFA4228DDEE7F00D971A7 /* AppDelegate.swift */; };
		7D9CFA4528DDEE7F00D971A7 /* SceneDelegate.swift in Sources */ = {isa = PBXBuildFile; fileRef = 7D9CFA4428DDEE7F00D971A7 /* SceneDelegate.swift */; };
		7D9CFA4C28DDEE8000D971A7 /* Assets.xcassets in Resources */ = {isa = PBXBuildFile; fileRef = 7D9CFA4B28DDEE8000D971A7 /* Assets.xcassets */; };
		7D9CFA4F28DDEE8000D971A7 /* LaunchScreen.storyboard in Resources */ = {isa = PBXBuildFile; fileRef = 7D9CFA4D28DDEE8000D971A7 /* LaunchScreen.storyboard */; };
		8F83109D28E459BD00BA471F /* ProfileViewController.swift in Sources */ = {isa = PBXBuildFile; fileRef = 8F83109C28E459BD00BA471F /* ProfileViewController.swift */; };
		8F8310A028E4D0C300BA471F /* SingleImageViewController.swift in Sources */ = {isa = PBXBuildFile; fileRef = 8F83109F28E4D0C300BA471F /* SingleImageViewController.swift */; };
		A01B71D92D9DD0EC002D9DD9 /* ProgressHUD in Frameworks */ = {isa = PBXBuildFile; productRef = A01B71D82D9DD0EC002D9DD9 /* ProgressHUD */; };
		A030DA172D808B9B0041301B /* Constants.swift in Sources */ = {isa = PBXBuildFile; fileRef = A030DA162D808B900041301B /* Constants.swift */; };
		A030DA192D80DB9C0041301B /* AuthViewController.swift in Sources */ = {isa = PBXBuildFile; fileRef = A030DA182D80DB950041301B /* AuthViewController.swift */; };
		A030DA1C2D81BABF0041301B /* WebViewViewController.swift in Sources */ = {isa = PBXBuildFile; fileRef = A030DA1B2D81BABB0041301B /* WebViewViewController.swift */; };
		A03DDD1A2D9F33F400E99C8D /* WebKit.framework in Frameworks */ = {isa = PBXBuildFile; fileRef = A03DDD192D9F33F400E99C8D /* WebKit.framework */; };
		A04BD51D2DAC857A00612975 /* Kingfisher in Frameworks */ = {isa = PBXBuildFile; productRef = A04BD51C2DAC857A00612975 /* Kingfisher */; };
		A04BD5202DAD69CD00612975 /* SwiftKeychainWrapper in Frameworks */ = {isa = PBXBuildFile; productRef = A04BD51F2DAD69CD00612975 /* SwiftKeychainWrapper */; };
		A04BD5222DADA0F700612975 /* TabBarController.swift in Sources */ = {isa = PBXBuildFile; fileRef = A04BD5212DADA0F000612975 /* TabBarController.swift */; };
		A04BD5262DB1C50300612975 /* ImagesListService.swift in Sources */ = {isa = PBXBuildFile; fileRef = A04BD5252DB1C4FC00612975 /* ImagesListService.swift */; };
		A0789AB32D89CA1D00EB551E /* OAuth2Service.swift in Sources */ = {isa = PBXBuildFile; fileRef = A0789AB22D89CA1A00EB551E /* OAuth2Service.swift */; };
		A0789AC12D8A138F00EB551E /* URLSession+data.swift.swift in Sources */ = {isa = PBXBuildFile; fileRef = A0789AC02D8A138E00EB551E /* URLSession+data.swift.swift */; };
		A0789AC72D8A273100EB551E /* OAuth2TokenStorage.swift in Sources */ = {isa = PBXBuildFile; fileRef = A0789AC62D8A272500EB551E /* OAuth2TokenStorage.swift */; };
		A0789ACC2D98681400EB551E /* SplashViewController.swift in Sources */ = {isa = PBXBuildFile; fileRef = A0789ACB2D98681200EB551E /* SplashViewController.swift */; };
		A092EAED2DA571CD00A11277 /* UIBlockingProgressHUD.swift in Sources */ = {isa = PBXBuildFile; fileRef = A092EAEC2DA571C900A11277 /* UIBlockingProgressHUD.swift */; };
		A092EAEF2DA5766900A11277 /* ProfileService.swift in Sources */ = {isa = PBXBuildFile; fileRef = A092EAEE2DA5766000A11277 /* ProfileService.swift */; };
		A092EAF52DA6EF4F00A11277 /* ProfileImageService.swift in Sources */ = {isa = PBXBuildFile; fileRef = A092EAF42DA6EF4800A11277 /* ProfileImageService.swift */; };
/* End PBXBuildFile section */

/* Begin PBXFileReference section */
		7D3DFB1328DDF696005A13F3 /* ImagesListCell.swift */ = {isa = PBXFileReference; fileEncoding = 4; lastKnownFileType = sourcecode.swift; path = ImagesListCell.swift; sourceTree = "<group>"; };
		7D3DFB1428DDF696005A13F3 /* ImagesListViewController.swift */ = {isa = PBXFileReference; fileEncoding = 4; lastKnownFileType = sourcecode.swift; path = ImagesListViewController.swift; sourceTree = "<group>"; };
		7D9CFA3F28DDEE7F00D971A7 /* Image Feed.app */ = {isa = PBXFileReference; explicitFileType = wrapper.application; includeInIndex = 0; path = "Image Feed.app"; sourceTree = BUILT_PRODUCTS_DIR; };
		7D9CFA4228DDEE7F00D971A7 /* AppDelegate.swift */ = {isa = PBXFileReference; lastKnownFileType = sourcecode.swift; path = AppDelegate.swift; sourceTree = "<group>"; };
		7D9CFA4428DDEE7F00D971A7 /* SceneDelegate.swift */ = {isa = PBXFileReference; lastKnownFileType = sourcecode.swift; path = SceneDelegate.swift; sourceTree = "<group>"; };
		7D9CFA4B28DDEE8000D971A7 /* Assets.xcassets */ = {isa = PBXFileReference; lastKnownFileType = folder.assetcatalog; path = Assets.xcassets; sourceTree = "<group>"; };
		7D9CFA4E28DDEE8000D971A7 /* Base */ = {isa = PBXFileReference; lastKnownFileType = file.storyboard; name = Base; path = Base.lproj/LaunchScreen.storyboard; sourceTree = "<group>"; };
		7D9CFA5028DDEE8000D971A7 /* Info.plist */ = {isa = PBXFileReference; lastKnownFileType = text.plist.xml; path = Info.plist; sourceTree = "<group>"; };
		8F83109C28E459BD00BA471F /* ProfileViewController.swift */ = {isa = PBXFileReference; lastKnownFileType = sourcecode.swift; path = ProfileViewController.swift; sourceTree = "<group>"; };
		8F83109F28E4D0C300BA471F /* SingleImageViewController.swift */ = {isa = PBXFileReference; lastKnownFileType = sourcecode.swift; path = SingleImageViewController.swift; sourceTree = "<group>"; };
		A030DA162D808B900041301B /* Constants.swift */ = {isa = PBXFileReference; lastKnownFileType = sourcecode.swift; path = Constants.swift; sourceTree = "<group>"; };
		A030DA182D80DB950041301B /* AuthViewController.swift */ = {isa = PBXFileReference; lastKnownFileType = sourcecode.swift; path = AuthViewController.swift; sourceTree = "<group>"; };
		A030DA1B2D81BABB0041301B /* WebViewViewController.swift */ = {isa = PBXFileReference; lastKnownFileType = sourcecode.swift; path = WebViewViewController.swift; sourceTree = "<group>"; };
		A03DDD192D9F33F400E99C8D /* WebKit.framework */ = {isa = PBXFileReference; lastKnownFileType = wrapper.framework; name = WebKit.framework; path = System/Library/Frameworks/WebKit.framework; sourceTree = SDKROOT; };
		A04BD5212DADA0F000612975 /* TabBarController.swift */ = {isa = PBXFileReference; lastKnownFileType = sourcecode.swift; path = TabBarController.swift; sourceTree = "<group>"; };
		A04BD5252DB1C4FC00612975 /* ImagesListService.swift */ = {isa = PBXFileReference; lastKnownFileType = sourcecode.swift; path = ImagesListService.swift; sourceTree = "<group>"; };
		A0789AB22D89CA1A00EB551E /* OAuth2Service.swift */ = {isa = PBXFileReference; lastKnownFileType = sourcecode.swift; path = OAuth2Service.swift; sourceTree = "<group>"; };
		A0789AC02D8A138E00EB551E /* URLSession+data.swift.swift */ = {isa = PBXFileReference; lastKnownFileType = sourcecode.swift; path = "URLSession+data.swift.swift"; sourceTree = "<group>"; };
		A0789AC62D8A272500EB551E /* OAuth2TokenStorage.swift */ = {isa = PBXFileReference; lastKnownFileType = sourcecode.swift; path = OAuth2TokenStorage.swift; sourceTree = "<group>"; };
		A0789ACB2D98681200EB551E /* SplashViewController.swift */ = {isa = PBXFileReference; lastKnownFileType = sourcecode.swift; path = SplashViewController.swift; sourceTree = "<group>"; };
		A092EAEC2DA571C900A11277 /* UIBlockingProgressHUD.swift */ = {isa = PBXFileReference; lastKnownFileType = sourcecode.swift; path = UIBlockingProgressHUD.swift; sourceTree = "<group>"; };
		A092EAEE2DA5766000A11277 /* ProfileService.swift */ = {isa = PBXFileReference; lastKnownFileType = sourcecode.swift; path = ProfileService.swift; sourceTree = "<group>"; };
		A092EAF42DA6EF4800A11277 /* ProfileImageService.swift */ = {isa = PBXFileReference; lastKnownFileType = sourcecode.swift; path = ProfileImageService.swift; sourceTree = "<group>"; };
/* End PBXFileReference section */

/* Begin PBXFrameworksBuildPhase section */
		7D9CFA3C28DDEE7F00D971A7 /* Frameworks */ = {
			isa = PBXFrameworksBuildPhase;
			buildActionMask = 2147483647;
			files = (
				A04BD51D2DAC857A00612975 /* Kingfisher in Frameworks */,
				A03DDD1A2D9F33F400E99C8D /* WebKit.framework in Frameworks */,
				A04BD5202DAD69CD00612975 /* SwiftKeychainWrapper in Frameworks */,
				A01B71D92D9DD0EC002D9DD9 /* ProgressHUD in Frameworks */,
			);
			runOnlyForDeploymentPostprocessing = 0;
		};
/* End PBXFrameworksBuildPhase section */

/* Begin PBXGroup section */
		7D9CFA3628DDEE7F00D971A7 = {
			isa = PBXGroup;
			children = (
				7D9CFA4128DDEE7F00D971A7 /* Image Feed */,
				A03DDD182D9F33F400E99C8D /* Frameworks */,
				7D9CFA4028DDEE7F00D971A7 /* Products */,
			);
			sourceTree = "<group>";
		};
		7D9CFA4028DDEE7F00D971A7 /* Products */ = {
			isa = PBXGroup;
			children = (
				7D9CFA3F28DDEE7F00D971A7 /* Image Feed.app */,
			);
			name = Products;
			sourceTree = "<group>";
		};
		7D9CFA4128DDEE7F00D971A7 /* Image Feed */ = {
			isa = PBXGroup;
			children = (
				A04BD5212DADA0F000612975 /* TabBarController.swift */,
				A092EAEC2DA571C900A11277 /* UIBlockingProgressHUD.swift */,
				A030DA162D808B900041301B /* Constants.swift */,
				7D9CFA4428DDEE7F00D971A7 /* SceneDelegate.swift */,
				7D9CFA4228DDEE7F00D971A7 /* AppDelegate.swift */,
				A0789ACA2D98680900EB551E /* SplashViewController */,
				A0789AC82D98660100EB551E /* ServiceAccessLayer */,
				A030DA1A2D80E2890041301B /* Auth */,
				8F83109B28E459A800BA471F /* Profile */,
				7D9CFA5A28DDF66900D971A7 /* ImagesList */,
				8F83109E28E4D09B00BA471F /* SingleImageView */,
				7D9CFA4B28DDEE8000D971A7 /* Assets.xcassets */,
				7D9CFA4D28DDEE8000D971A7 /* LaunchScreen.storyboard */,
				7D9CFA5028DDEE8000D971A7 /* Info.plist */,
			);
			path = "Image Feed";
			sourceTree = "<group>";
		};
		7D9CFA5A28DDF66900D971A7 /* ImagesList */ = {
			isa = PBXGroup;
			children = (
				A04BD5252DB1C4FC00612975 /* ImagesListService.swift */,
				7D3DFB1328DDF696005A13F3 /* ImagesListCell.swift */,
				7D3DFB1428DDF696005A13F3 /* ImagesListViewController.swift */,
			);
			path = ImagesList;
			sourceTree = "<group>";
		};
		8F83109B28E459A800BA471F /* Profile */ = {
			isa = PBXGroup;
			children = (
				A092EAF42DA6EF4800A11277 /* ProfileImageService.swift */,
				8F83109C28E459BD00BA471F /* ProfileViewController.swift */,
				A092EAEE2DA5766000A11277 /* ProfileService.swift */,
			);
			path = Profile;
			sourceTree = "<group>";
		};
		8F83109E28E4D09B00BA471F /* SingleImageView */ = {
			isa = PBXGroup;
			children = (
				8F83109F28E4D0C300BA471F /* SingleImageViewController.swift */,
			);
			path = SingleImageView;
			sourceTree = "<group>";
		};
		A030DA1A2D80E2890041301B /* Auth */ = {
			isa = PBXGroup;
			children = (
				A030DA182D80DB950041301B /* AuthViewController.swift */,
				A030DA1B2D81BABB0041301B /* WebViewViewController.swift */,
			);
			path = Auth;
			sourceTree = "<group>";
		};
		A03DDD182D9F33F400E99C8D /* Frameworks */ = {
			isa = PBXGroup;
			children = (
				A03DDD192D9F33F400E99C8D /* WebKit.framework */,
			);
			name = Frameworks;
			sourceTree = "<group>";
		};
		A0789AC82D98660100EB551E /* ServiceAccessLayer */ = {
			isa = PBXGroup;
			children = (
				A0789AC92D98661700EB551E /* 2OAuth */,
			);
			path = ServiceAccessLayer;
			sourceTree = "<group>";
		};
		A0789AC92D98661700EB551E /* 2OAuth */ = {
			isa = PBXGroup;
			children = (
				A0789AC62D8A272500EB551E /* OAuth2TokenStorage.swift */,
				A0789AB22D89CA1A00EB551E /* OAuth2Service.swift */,
				A0789AC02D8A138E00EB551E /* URLSession+data.swift.swift */,
			);
			path = 2OAuth;
			sourceTree = "<group>";
		};
		A0789ACA2D98680900EB551E /* SplashViewController */ = {
			isa = PBXGroup;
			children = (
				A0789ACB2D98681200EB551E /* SplashViewController.swift */,
			);
			path = SplashViewController;
			sourceTree = "<group>";
		};
/* End PBXGroup section */

/* Begin PBXNativeTarget section */
		7D9CFA3E28DDEE7F00D971A7 /* Image Feed */ = {
			isa = PBXNativeTarget;
			buildConfigurationList = 7D9CFA5328DDEE8000D971A7 /* Build configuration list for PBXNativeTarget "Image Feed" */;
			buildPhases = (
				7D9CFA3B28DDEE7F00D971A7 /* Sources */,
				7D9CFA3C28DDEE7F00D971A7 /* Frameworks */,
				7D9CFA3D28DDEE7F00D971A7 /* Resources */,
			);
			buildRules = (
			);
			dependencies = (
			);
			name = "Image Feed";
			productName = "Image Feed";
			productReference = 7D9CFA3F28DDEE7F00D971A7 /* Image Feed.app */;
			productType = "com.apple.product-type.application";
		};
/* End PBXNativeTarget section */

/* Begin PBXProject section */
		7D9CFA3728DDEE7F00D971A7 /* Project object */ = {
			isa = PBXProject;
			attributes = {
				BuildIndependentTargetsInParallel = 1;
				LastSwiftUpdateCheck = 1340;
				LastUpgradeCheck = 1340;
				TargetAttributes = {
					7D9CFA3E28DDEE7F00D971A7 = {
						CreatedOnToolsVersion = 13.4.1;
					};
				};
			};
			buildConfigurationList = 7D9CFA3A28DDEE7F00D971A7 /* Build configuration list for PBXProject "Image Feed" */;
			compatibilityVersion = "Xcode 13.0";
			developmentRegion = en;
			hasScannedForEncodings = 0;
			knownRegions = (
				en,
				Base,
			);
			mainGroup = 7D9CFA3628DDEE7F00D971A7;
			packageReferences = (
				A01B71D72D9DD0EC002D9DD9 /* XCRemoteSwiftPackageReference "ProgressHUD" */,
				A04BD51B2DAC857A00612975 /* XCRemoteSwiftPackageReference "Kingfisher" */,
				A04BD51E2DAD69CD00612975 /* XCRemoteSwiftPackageReference "SwiftKeychainWrapper" */,
			);
			productRefGroup = 7D9CFA4028DDEE7F00D971A7 /* Products */;
			projectDirPath = "";
			projectRoot = "";
			targets = (
				7D9CFA3E28DDEE7F00D971A7 /* Image Feed */,
			);
		};
/* End PBXProject section */

/* Begin PBXResourcesBuildPhase section */
		7D9CFA3D28DDEE7F00D971A7 /* Resources */ = {
			isa = PBXResourcesBuildPhase;
			buildActionMask = 2147483647;
			files = (
				7D9CFA4F28DDEE8000D971A7 /* LaunchScreen.storyboard in Resources */,
				7D9CFA4C28DDEE8000D971A7 /* Assets.xcassets in Resources */,
			);
			runOnlyForDeploymentPostprocessing = 0;
		};
/* End PBXResourcesBuildPhase section */

/* Begin PBXSourcesBuildPhase section */
		7D9CFA3B28DDEE7F00D971A7 /* Sources */ = {
			isa = PBXSourcesBuildPhase;
			buildActionMask = 2147483647;
			files = (
				A0789AC72D8A273100EB551E /* OAuth2TokenStorage.swift in Sources */,
				7D9CFA4328DDEE7F00D971A7 /* AppDelegate.swift in Sources */,
				A0789AC12D8A138F00EB551E /* URLSession+data.swift.swift in Sources */,
				7D9CFA4528DDEE7F00D971A7 /* SceneDelegate.swift in Sources */,
				8F83109D28E459BD00BA471F /* ProfileViewController.swift in Sources */,
				7D3DFB1628DDF696005A13F3 /* ImagesListViewController.swift in Sources */,
				A04BD5222DADA0F700612975 /* TabBarController.swift in Sources */,
				A0789ACC2D98681400EB551E /* SplashViewController.swift in Sources */,
				A030DA192D80DB9C0041301B /* AuthViewController.swift in Sources */,
				8F8310A028E4D0C300BA471F /* SingleImageViewController.swift in Sources */,
				A092EAF52DA6EF4F00A11277 /* ProfileImageService.swift in Sources */,
				A030DA172D808B9B0041301B /* Constants.swift in Sources */,
				A030DA1C2D81BABF0041301B /* WebViewViewController.swift in Sources */,
				A04BD5262DB1C50300612975 /* ImagesListService.swift in Sources */,
				A0789AB32D89CA1D00EB551E /* OAuth2Service.swift in Sources */,
				7D3DFB1528DDF696005A13F3 /* ImagesListCell.swift in Sources */,
				A092EAED2DA571CD00A11277 /* UIBlockingProgressHUD.swift in Sources */,
				A092EAEF2DA5766900A11277 /* ProfileService.swift in Sources */,
			);
			runOnlyForDeploymentPostprocessing = 0;
		};
/* End PBXSourcesBuildPhase section */

/* Begin PBXVariantGroup section */
		7D9CFA4D28DDEE8000D971A7 /* LaunchScreen.storyboard */ = {
			isa = PBXVariantGroup;
			children = (
				7D9CFA4E28DDEE8000D971A7 /* Base */,
			);
			name = LaunchScreen.storyboard;
			sourceTree = "<group>";
		};
/* End PBXVariantGroup section */

/* Begin XCBuildConfiguration section */
		7D9CFA5128DDEE8000D971A7 /* Debug */ = {
			isa = XCBuildConfiguration;
			buildSettings = {
				ALWAYS_SEARCH_USER_PATHS = NO;
				CLANG_ANALYZER_NONNULL = YES;
				CLANG_ANALYZER_NUMBER_OBJECT_CONVERSION = YES_AGGRESSIVE;
				CLANG_CXX_LANGUAGE_STANDARD = "gnu++17";
				CLANG_ENABLE_MODULES = YES;
				CLANG_ENABLE_OBJC_ARC = YES;
				CLANG_ENABLE_OBJC_WEAK = YES;
				CLANG_WARN_BLOCK_CAPTURE_AUTORELEASING = YES;
				CLANG_WARN_BOOL_CONVERSION = YES;
				CLANG_WARN_COMMA = YES;
				CLANG_WARN_CONSTANT_CONVERSION = YES;
				CLANG_WARN_DEPRECATED_OBJC_IMPLEMENTATIONS = YES;
				CLANG_WARN_DIRECT_OBJC_ISA_USAGE = YES_ERROR;
				CLANG_WARN_DOCUMENTATION_COMMENTS = YES;
				CLANG_WARN_EMPTY_BODY = YES;
				CLANG_WARN_ENUM_CONVERSION = YES;
				CLANG_WARN_INFINITE_RECURSION = YES;
				CLANG_WARN_INT_CONVERSION = YES;
				CLANG_WARN_NON_LITERAL_NULL_CONVERSION = YES;
				CLANG_WARN_OBJC_IMPLICIT_RETAIN_SELF = YES;
				CLANG_WARN_OBJC_LITERAL_CONVERSION = YES;
				CLANG_WARN_OBJC_ROOT_CLASS = YES_ERROR;
				CLANG_WARN_QUOTED_INCLUDE_IN_FRAMEWORK_HEADER = YES;
				CLANG_WARN_RANGE_LOOP_ANALYSIS = YES;
				CLANG_WARN_STRICT_PROTOTYPES = YES;
				CLANG_WARN_SUSPICIOUS_MOVE = YES;
				CLANG_WARN_UNGUARDED_AVAILABILITY = YES_AGGRESSIVE;
				CLANG_WARN_UNREACHABLE_CODE = YES;
				CLANG_WARN__DUPLICATE_METHOD_MATCH = YES;
				COPY_PHASE_STRIP = NO;
				DEBUG_INFORMATION_FORMAT = dwarf;
				ENABLE_STRICT_OBJC_MSGSEND = YES;
				ENABLE_TESTABILITY = YES;
				GCC_C_LANGUAGE_STANDARD = gnu11;
				GCC_DYNAMIC_NO_PIC = NO;
				GCC_NO_COMMON_BLOCKS = YES;
				GCC_OPTIMIZATION_LEVEL = 0;
				GCC_PREPROCESSOR_DEFINITIONS = (
					"DEBUG=1",
					"$(inherited)",
				);
				GCC_WARN_64_TO_32_BIT_CONVERSION = YES;
				GCC_WARN_ABOUT_RETURN_TYPE = YES_ERROR;
				GCC_WARN_UNDECLARED_SELECTOR = YES;
				GCC_WARN_UNINITIALIZED_AUTOS = YES_AGGRESSIVE;
				GCC_WARN_UNUSED_FUNCTION = YES;
				GCC_WARN_UNUSED_VARIABLE = YES;
				IPHONEOS_DEPLOYMENT_TARGET = 13.0;
				MTL_ENABLE_DEBUG_INFO = INCLUDE_SOURCE;
				MTL_FAST_MATH = YES;
				ONLY_ACTIVE_ARCH = YES;
				SDKROOT = iphoneos;
				SWIFT_ACTIVE_COMPILATION_CONDITIONS = DEBUG;
				SWIFT_OPTIMIZATION_LEVEL = "-Onone";
			};
			name = Debug;
		};
		7D9CFA5228DDEE8000D971A7 /* Release */ = {
			isa = XCBuildConfiguration;
			buildSettings = {
				ALWAYS_SEARCH_USER_PATHS = NO;
				CLANG_ANALYZER_NONNULL = YES;
				CLANG_ANALYZER_NUMBER_OBJECT_CONVERSION = YES_AGGRESSIVE;
				CLANG_CXX_LANGUAGE_STANDARD = "gnu++17";
				CLANG_ENABLE_MODULES = YES;
				CLANG_ENABLE_OBJC_ARC = YES;
				CLANG_ENABLE_OBJC_WEAK = YES;
				CLANG_WARN_BLOCK_CAPTURE_AUTORELEASING = YES;
				CLANG_WARN_BOOL_CONVERSION = YES;
				CLANG_WARN_COMMA = YES;
				CLANG_WARN_CONSTANT_CONVERSION = YES;
				CLANG_WARN_DEPRECATED_OBJC_IMPLEMENTATIONS = YES;
				CLANG_WARN_DIRECT_OBJC_ISA_USAGE = YES_ERROR;
				CLANG_WARN_DOCUMENTATION_COMMENTS = YES;
				CLANG_WARN_EMPTY_BODY = YES;
				CLANG_WARN_ENUM_CONVERSION = YES;
				CLANG_WARN_INFINITE_RECURSION = YES;
				CLANG_WARN_INT_CONVERSION = YES;
				CLANG_WARN_NON_LITERAL_NULL_CONVERSION = YES;
				CLANG_WARN_OBJC_IMPLICIT_RETAIN_SELF = YES;
				CLANG_WARN_OBJC_LITERAL_CONVERSION = YES;
				CLANG_WARN_OBJC_ROOT_CLASS = YES_ERROR;
				CLANG_WARN_QUOTED_INCLUDE_IN_FRAMEWORK_HEADER = YES;
				CLANG_WARN_RANGE_LOOP_ANALYSIS = YES;
				CLANG_WARN_STRICT_PROTOTYPES = YES;
				CLANG_WARN_SUSPICIOUS_MOVE = YES;
				CLANG_WARN_UNGUARDED_AVAILABILITY = YES_AGGRESSIVE;
				CLANG_WARN_UNREACHABLE_CODE = YES;
				CLANG_WARN__DUPLICATE_METHOD_MATCH = YES;
				COPY_PHASE_STRIP = NO;
				DEBUG_INFORMATION_FORMAT = "dwarf-with-dsym";
				ENABLE_NS_ASSERTIONS = NO;
				ENABLE_STRICT_OBJC_MSGSEND = YES;
				GCC_C_LANGUAGE_STANDARD = gnu11;
				GCC_NO_COMMON_BLOCKS = YES;
				GCC_WARN_64_TO_32_BIT_CONVERSION = YES;
				GCC_WARN_ABOUT_RETURN_TYPE = YES_ERROR;
				GCC_WARN_UNDECLARED_SELECTOR = YES;
				GCC_WARN_UNINITIALIZED_AUTOS = YES_AGGRESSIVE;
				GCC_WARN_UNUSED_FUNCTION = YES;
				GCC_WARN_UNUSED_VARIABLE = YES;
				IPHONEOS_DEPLOYMENT_TARGET = 13.0;
				MTL_ENABLE_DEBUG_INFO = NO;
				MTL_FAST_MATH = YES;
				SDKROOT = iphoneos;
				SWIFT_COMPILATION_MODE = wholemodule;
				SWIFT_OPTIMIZATION_LEVEL = "-O";
				VALIDATE_PRODUCT = YES;
			};
			name = Release;
		};
		7D9CFA5428DDEE8000D971A7 /* Debug */ = {
			isa = XCBuildConfiguration;
			buildSettings = {
				ASSETCATALOG_COMPILER_APPICON_NAME = AppIcon;
				ASSETCATALOG_COMPILER_GLOBAL_ACCENT_COLOR_NAME = AccentColor;
				CODE_SIGN_STYLE = Automatic;
				CURRENT_PROJECT_VERSION = 1;
				DEVELOPMENT_TEAM = "";
				GENERATE_INFOPLIST_FILE = YES;
				INFOPLIST_FILE = "Image Feed/Info.plist";
				INFOPLIST_KEY_UIApplicationSupportsIndirectInputEvents = YES;
				INFOPLIST_KEY_UILaunchStoryboardName = LaunchScreen;
				INFOPLIST_KEY_UISupportedInterfaceOrientations = UIInterfaceOrientationPortrait;
				INFOPLIST_KEY_UISupportedInterfaceOrientations_iPad = "UIInterfaceOrientationPortrait UIInterfaceOrientationPortraitUpsideDown UIInterfaceOrientationLandscapeLeft UIInterfaceOrientationLandscapeRight";
				INFOPLIST_KEY_UISupportedInterfaceOrientations_iPhone = UIInterfaceOrientationPortrait;
				LD_RUNPATH_SEARCH_PATHS = (
					"$(inherited)",
					"@executable_path/Frameworks",
				);
				MARKETING_VERSION = 1.0;
				PRODUCT_BUNDLE_IDENTIFIER = "ru.praktikum.Image-Feed";
				PRODUCT_NAME = "$(TARGET_NAME)";
				SWIFT_EMIT_LOC_STRINGS = YES;
				SWIFT_VERSION = 5.0;
				TARGETED_DEVICE_FAMILY = 1;
			};
			name = Debug;
		};
		7D9CFA5528DDEE8000D971A7 /* Release */ = {
			isa = XCBuildConfiguration;
			buildSettings = {
				ASSETCATALOG_COMPILER_APPICON_NAME = AppIcon;
				ASSETCATALOG_COMPILER_GLOBAL_ACCENT_COLOR_NAME = AccentColor;
				CODE_SIGN_STYLE = Automatic;
				CURRENT_PROJECT_VERSION = 1;
				DEVELOPMENT_TEAM = "";
				GENERATE_INFOPLIST_FILE = YES;
				INFOPLIST_FILE = "Image Feed/Info.plist";
				INFOPLIST_KEY_UIApplicationSupportsIndirectInputEvents = YES;
				INFOPLIST_KEY_UILaunchStoryboardName = LaunchScreen;
				INFOPLIST_KEY_UISupportedInterfaceOrientations = UIInterfaceOrientationPortrait;
				INFOPLIST_KEY_UISupportedInterfaceOrientations_iPad = "UIInterfaceOrientationPortrait UIInterfaceOrientationPortraitUpsideDown UIInterfaceOrientationLandscapeLeft UIInterfaceOrientationLandscapeRight";
				INFOPLIST_KEY_UISupportedInterfaceOrientations_iPhone = UIInterfaceOrientationPortrait;
				LD_RUNPATH_SEARCH_PATHS = (
					"$(inherited)",
					"@executable_path/Frameworks",
				);
				MARKETING_VERSION = 1.0;
				PRODUCT_BUNDLE_IDENTIFIER = "ru.praktikum.Image-Feed";
				PRODUCT_NAME = "$(TARGET_NAME)";
				SWIFT_EMIT_LOC_STRINGS = YES;
				SWIFT_VERSION = 5.0;
				TARGETED_DEVICE_FAMILY = 1;
			};
			name = Release;
		};
/* End XCBuildConfiguration section */

/* Begin XCConfigurationList section */
		7D9CFA3A28DDEE7F00D971A7 /* Build configuration list for PBXProject "Image Feed" */ = {
			isa = XCConfigurationList;
			buildConfigurations = (
				7D9CFA5128DDEE8000D971A7 /* Debug */,
				7D9CFA5228DDEE8000D971A7 /* Release */,
			);
			defaultConfigurationIsVisible = 0;
			defaultConfigurationName = Release;
		};
		7D9CFA5328DDEE8000D971A7 /* Build configuration list for PBXNativeTarget "Image Feed" */ = {
			isa = XCConfigurationList;
			buildConfigurations = (
				7D9CFA5428DDEE8000D971A7 /* Debug */,
				7D9CFA5528DDEE8000D971A7 /* Release */,
			);
			defaultConfigurationIsVisible = 0;
			defaultConfigurationName = Release;
		};
/* End XCConfigurationList section */

/* Begin XCRemoteSwiftPackageReference section */
		A01B71D72D9DD0EC002D9DD9 /* XCRemoteSwiftPackageReference "ProgressHUD" */ = {
			isa = XCRemoteSwiftPackageReference;
			repositoryURL = "https://github.com/relatedcode/ProgressHUD";
			requirement = {
				kind = exactVersion;
				version = 14.1.3;
			};
		};
		A04BD51B2DAC857A00612975 /* XCRemoteSwiftPackageReference "Kingfisher" */ = {
			isa = XCRemoteSwiftPackageReference;
			repositoryURL = "https://github.com/onevcat/Kingfisher";
			requirement = {
				kind = exactVersion;
				version = 8.3.2;
			};
		};
		A04BD51E2DAD69CD00612975 /* XCRemoteSwiftPackageReference "SwiftKeychainWrapper" */ = {
			isa = XCRemoteSwiftPackageReference;
			repositoryURL = "https://github.com/jrendel/SwiftKeychainWrapper";
			requirement = {
				kind = exactVersion;
				version = 4.0.1;
			};
		};
/* End XCRemoteSwiftPackageReference section */

/* Begin XCSwiftPackageProductDependency section */
		A01B71D82D9DD0EC002D9DD9 /* ProgressHUD */ = {
			isa = XCSwiftPackageProductDependency;
			package = A01B71D72D9DD0EC002D9DD9 /* XCRemoteSwiftPackageReference "ProgressHUD" */;
			productName = ProgressHUD;
		};
		A04BD51C2DAC857A00612975 /* Kingfisher */ = {
			isa = XCSwiftPackageProductDependency;
			package = A04BD51B2DAC857A00612975 /* XCRemoteSwiftPackageReference "Kingfisher" */;
			productName = Kingfisher;
		};
		A04BD51F2DAD69CD00612975 /* SwiftKeychainWrapper */ = {
			isa = XCSwiftPackageProductDependency;
			package = A04BD51E2DAD69CD00612975 /* XCRemoteSwiftPackageReference "SwiftKeychainWrapper" */;
			productName = SwiftKeychainWrapper;
		};
/* End XCSwiftPackageProductDependency section */
	};
	rootObject = 7D9CFA3728DDEE7F00D971A7 /* Project object */;
}
